
Microsoft Visual Studio Solution File, Format Version 12.00
# Visual Studio Version 17
VisualStudioVersion = 17.5.33424.131
MinimumVisualStudioVersion = 10.0.40219.1
Project("{9A19103F-16F7-4668-BE54-9A1E7A4F7556}") = "Matoapp.Domain", "src\Matoapp.Domain\Matoapp.Domain.csproj", "{554AD327-6DBA-4F8F-96F8-81CE7A0C863F}"
EndProject
Project("{9A19103F-16F7-4668-BE54-9A1E7A4F7556}") = "Matoapp.Application", "src\Matoapp.Application\Matoapp.Application.csproj", "{1A94A50E-06DC-43C1-80B5-B662820EC3EB}"
EndProject
Project("{9A19103F-16F7-4668-BE54-9A1E7A4F7556}") = "Matoapp.EntityFrameworkCore", "src\Matoapp.EntityFrameworkCore\Matoapp.EntityFrameworkCore.csproj", "{C956DD76-69C8-4A9C-83EA-D17DF83340FD}"
EndProject
Project("{2150E333-8FDC-42A3-9474-1A3956D46DE8}") = "src", "src", "{CA9AC87F-097E-4F15-8393-4BC07735A5B0}"
EndProject
Project("{2150E333-8FDC-42A3-9474-1A3956D46DE8}") = "test", "test", "{04DBDB01-70F4-4E06-B468-8F87850B22BE}"
EndProject
Project("{9A19103F-16F7-4668-BE54-9A1E7A4F7556}") = "Matoapp.Application.Tests", "test\Matoapp.Application.Tests\Matoapp.Application.Tests.csproj", "{50B2631D-129C-47B3-A587-029CCD6099BC}"
EndProject
Project("{9A19103F-16F7-4668-BE54-9A1E7A4F7556}") = "Matoapp.Domain.Shared", "src\Matoapp.Domain.Shared\Matoapp.Domain.Shared.csproj", "{42F719ED-8413-4895-B5B4-5AB56079BC66}"
EndProject
Project("{9A19103F-16F7-4668-BE54-9A1E7A4F7556}") = "Matoapp.Application.Contracts", "src\Matoapp.Application.Contracts\Matoapp.Application.Contracts.csproj", "{520659C8-C734-4298-A3DA-B539DB9DFC0B}"
EndProject
Project("{9A19103F-16F7-4668-BE54-9A1E7A4F7556}") = "Matoapp.HttpApi", "src\Matoapp.HttpApi\Matoapp.HttpApi.csproj", "{4164BDF7-F527-4E85-9CE6-E3C2D7426A27}"
EndProject
Project("{9A19103F-16F7-4668-BE54-9A1E7A4F7556}") = "Matoapp.HttpApi.Client", "src\Matoapp.HttpApi.Client\Matoapp.HttpApi.Client.csproj", "{3B5A0094-670D-4BB1-BFDD-61B88A8773DC}"
EndProject
Project("{9A19103F-16F7-4668-BE54-9A1E7A4F7556}") = "Matoapp.AuthServer", "src\Matoapp.AuthServer\Matoapp.AuthServer.csproj", "{073C361E-B8F4-49F5-93CC-72A3FF49C026}"
EndProject
Project("{9A19103F-16F7-4668-BE54-9A1E7A4F7556}") = "Matoapp.HttpApi.Host", "src\Matoapp.HttpApi.Host\Matoapp.HttpApi.Host.csproj", "{E6D5BF0E-DE92-4D82-A352-EF04B37CB11C}"
EndProject
Project("{9A19103F-16F7-4668-BE54-9A1E7A4F7556}") = "Matoapp.EntityFrameworkCore.Tests", "test\Matoapp.EntityFrameworkCore.Tests\Matoapp.EntityFrameworkCore.Tests.csproj", "{1FE30EB9-74A9-47F5-A9F6-7B1FAB672D81}"
EndProject
Project("{9A19103F-16F7-4668-BE54-9A1E7A4F7556}") = "Matoapp.TestBase", "test\Matoapp.TestBase\Matoapp.TestBase.csproj", "{91853F21-9CD9-4132-BC29-A7D5D84FFFE7}"
EndProject
Project("{9A19103F-16F7-4668-BE54-9A1E7A4F7556}") = "Matoapp.Domain.Tests", "test\Matoapp.Domain.Tests\Matoapp.Domain.Tests.csproj", "{E512F4D9-9375-480F-A2F6-A46509F9D824}"
EndProject
Project("{9A19103F-16F7-4668-BE54-9A1E7A4F7556}") = "Matoapp.HttpApi.Client.ConsoleTestApp", "test\Matoapp.HttpApi.Client.ConsoleTestApp\Matoapp.HttpApi.Client.ConsoleTestApp.csproj", "{EF480016-9127-4916-8735-D2466BDBC582}"
EndProject
Project("{9A19103F-16F7-4668-BE54-9A1E7A4F7556}") = "Matoapp.DbMigrator", "src\Matoapp.DbMigrator\Matoapp.DbMigrator.csproj", "{AA94D832-1CCC-4715-95A9-A483F23A1A5D}"
EndProject
Project("{2150E333-8FDC-42A3-9474-1A3956D46DE8}") = "modules", "modules", "{522CD365-B5DB-4D47-A713-46ABD6E154D4}"
EndProject
Project("{2150E333-8FDC-42A3-9474-1A3956D46DE8}") = "Matoapp.Health", "Matoapp.Health", "{1F30D404-D722-4929-89E4-733EE5360D2B}"
EndProject
Project("{2150E333-8FDC-42A3-9474-1A3956D46DE8}") = "src", "src", "{DB30AF11-3F9B-4F30-BD41-E6767F8E8794}"
EndProject
Project("{9A19103F-16F7-4668-BE54-9A1E7A4F7556}") = "Matoapp.Health.HttpApi.Client", "src\modules\Matoapp.Health\src\Matoapp.Health.HttpApi.Client\Matoapp.Health.HttpApi.Client.csproj", "{973DDB79-BF77-4795-9BBD-721E75C54B64}"
EndProject
Project("{9A19103F-16F7-4668-BE54-9A1E7A4F7556}") = "Matoapp.Health.HttpApi", "src\modules\Matoapp.Health\src\Matoapp.Health.HttpApi\Matoapp.Health.HttpApi.csproj", "{F23FDE1B-6C61-4427-9906-1484713801B5}"
EndProject
Project("{9A19103F-16F7-4668-BE54-9A1E7A4F7556}") = "Matoapp.Health.EntityFrameworkCore", "src\modules\Matoapp.Health\src\Matoapp.Health.EntityFrameworkCore\Matoapp.Health.EntityFrameworkCore.csproj", "{FF37628D-A594-4F98-91DE-24E7081BF700}"
EndProject
Project("{9A19103F-16F7-4668-BE54-9A1E7A4F7556}") = "Matoapp.Health.Domain.Shared", "src\modules\Matoapp.Health\src\Matoapp.Health.Domain.Shared\Matoapp.Health.Domain.Shared.csproj", "{9912911A-F82F-407B-8B8A-1F6048100E91}"
EndProject
Project("{9A19103F-16F7-4668-BE54-9A1E7A4F7556}") = "Matoapp.Health.Domain", "src\modules\Matoapp.Health\src\Matoapp.Health.Domain\Matoapp.Health.Domain.csproj", "{37683F51-6D98-4702-A8F1-AE1EB05F8D1D}"
EndProject
Project("{9A19103F-16F7-4668-BE54-9A1E7A4F7556}") = "Matoapp.Health.Application.Contracts", "src\modules\Matoapp.Health\src\Matoapp.Health.Application.Contracts\Matoapp.Health.Application.Contracts.csproj", "{90B355AD-D057-4A62-9DF4-49C41D6E73A0}"
EndProject
Project("{9A19103F-16F7-4668-BE54-9A1E7A4F7556}") = "Matoapp.Health.Application", "src\modules\Matoapp.Health\src\Matoapp.Health.Application\Matoapp.Health.Application.csproj", "{37B7AFA8-F13A-4252-8399-1F4A00919147}"
EndProject
Project("{2150E333-8FDC-42A3-9474-1A3956D46DE8}") = "infrastructure", "infrastructure", "{BFE5F3CE-3444-4112-B2FF-32DFD4FA0958}"
EndProject
Project("{9A19103F-16F7-4668-BE54-9A1E7A4F7556}") = "HttpApi.Share", "src\infrastructure\HttpApi.Share\HttpApi.Share.csproj", "{632BA41B-A44A-4F0C-B919-6BCF0CE6C5E9}"
EndProject
Project("{9A19103F-16F7-4668-BE54-9A1E7A4F7556}") = "Host.Share", "src\infrastructure\Host.Share\Host.Share.csproj", "{EEF0DE89-ABE1-443F-8705-3D30A94CB76A}"
EndProject
Project("{9A19103F-16F7-4668-BE54-9A1E7A4F7556}") = "Matoapp.Infrastructure", "src\infrastructure\Matoapp.Infrastructure\Matoapp.Infrastructure.csproj", "{BE05C087-09CF-416B-9BA3-D522D514F59A}"
EndProject
Project("{9A19103F-16F7-4668-BE54-9A1E7A4F7556}") = "Domain.Share", "src\infrastructure\Domain.Share\Domain.Share.csproj", "{E4BB2F7B-FAC2-4F98-99A6-2D7457E02F41}"
EndProject
Project("{9A19103F-16F7-4668-BE54-9A1E7A4F7556}") = "Application.Share", "src\infrastructure\Application.Share\Application.Share.csproj", "{696BC26E-A783-4768-92C9-F5FD1F56A920}"
EndProject
Project("{2150E333-8FDC-42A3-9474-1A3956D46DE8}") = "Matoapp.Identity", "Matoapp.Identity", "{EAD58433-A02E-48E6-8BB7-010457BA4BA9}"
EndProject
Project("{2150E333-8FDC-42A3-9474-1A3956D46DE8}") = "src", "src", "{8708E5AC-C07C-431F-AB45-597443B086A7}"
EndProject
Project("{9A19103F-16F7-4668-BE54-9A1E7A4F7556}") = "Matoapp.Identity.HttpApi.Client", "src\modules\Matoapp.Identity\src\Matoapp.Identity.HttpApi.Client\Matoapp.Identity.HttpApi.Client.csproj", "{2035FD56-41E8-4D23-9166-957CD1A5FAAA}"
EndProject
Project("{9A19103F-16F7-4668-BE54-9A1E7A4F7556}") = "Matoapp.Identity.HttpApi", "src\modules\Matoapp.Identity\src\Matoapp.Identity.HttpApi\Matoapp.Identity.HttpApi.csproj", "{009D5588-FE39-47E3-9948-0EA055204081}"
EndProject
Project("{9A19103F-16F7-4668-BE54-9A1E7A4F7556}") = "Matoapp.Identity.EntityFrameworkCore", "src\modules\Matoapp.Identity\src\Matoapp.Identity.EntityFrameworkCore\Matoapp.Identity.EntityFrameworkCore.csproj", "{76D1EC3C-B71F-40C7-98AF-2664E6ED163C}"
EndProject
Project("{9A19103F-16F7-4668-BE54-9A1E7A4F7556}") = "Matoapp.Identity.Domain.Shared", "src\modules\Matoapp.Identity\src\Matoapp.Identity.Domain.Shared\Matoapp.Identity.Domain.Shared.csproj", "{54F4434D-3A03-43E9-8406-A4E3D6A7E9EC}"
EndProject
Project("{9A19103F-16F7-4668-BE54-9A1E7A4F7556}") = "Matoapp.Identity.Domain", "src\modules\Matoapp.Identity\src\Matoapp.Identity.Domain\Matoapp.Identity.Domain.csproj", "{9A6A22DC-5DB9-47F2-A536-89D8FE9DB2FB}"
EndProject
Project("{9A19103F-16F7-4668-BE54-9A1E7A4F7556}") = "Matoapp.Identity.Application.Contracts", "src\modules\Matoapp.Identity\src\Matoapp.Identity.Application.Contracts\Matoapp.Identity.Application.Contracts.csproj", "{9C8F8E5F-E633-45F0-AA5C-F450F23B1606}"
EndProject
Project("{9A19103F-16F7-4668-BE54-9A1E7A4F7556}") = "Matoapp.Identity.Application", "src\modules\Matoapp.Identity\src\Matoapp.Identity.Application\Matoapp.Identity.Application.csproj", "{BE63BFBB-4486-4C22-8681-24D8461E4132}"
EndProject
Project("{2150E333-8FDC-42A3-9474-1A3956D46DE8}") = "Matoapp.Common", "Matoapp.Common", "{2DE2E381-C0F7-4CE8-82EC-D06F9810ACA8}"
EndProject
Project("{2150E333-8FDC-42A3-9474-1A3956D46DE8}") = "src", "src", "{2583DF40-CEE2-43C4-B77B-DF7292085629}"
EndProject
Project("{9A19103F-16F7-4668-BE54-9A1E7A4F7556}") = "Matoapp.Common.HttpApi.Client", "src\modules\Matoapp.Common\src\Matoapp.Common.HttpApi.Client\Matoapp.Common.HttpApi.Client.csproj", "{93387462-C8BB-45E2-ACC0-14B1582428EB}"
EndProject
Project("{9A19103F-16F7-4668-BE54-9A1E7A4F7556}") = "Matoapp.Common.HttpApi", "src\modules\Matoapp.Common\src\Matoapp.Common.HttpApi\Matoapp.Common.HttpApi.csproj", "{19AB44D0-BDF8-4BD4-B71F-9C0B72C11E3E}"
EndProject
Project("{9A19103F-16F7-4668-BE54-9A1E7A4F7556}") = "Matoapp.Common.EntityFrameworkCore", "src\modules\Matoapp.Common\src\Matoapp.Common.EntityFrameworkCore\Matoapp.Common.EntityFrameworkCore.csproj", "{982E8E4F-F45C-431A-99B7-8B8A5B478F40}"
EndProject
Project("{9A19103F-16F7-4668-BE54-9A1E7A4F7556}") = "Matoapp.Common.Domain.Shared", "src\modules\Matoapp.Common\src\Matoapp.Common.Domain.Shared\Matoapp.Common.Domain.Shared.csproj", "{2D89E7F2-2E21-4053-94E3-1430FFBF9DC9}"
EndProject
Project("{9A19103F-16F7-4668-BE54-9A1E7A4F7556}") = "Matoapp.Common.Domain", "src\modules\Matoapp.Common\src\Matoapp.Common.Domain\Matoapp.Common.Domain.csproj", "{3C2CEB40-503B-408B-A4BD-FB7DA474EF50}"
EndProject
Project("{9A19103F-16F7-4668-BE54-9A1E7A4F7556}") = "Matoapp.Common.Application.Contracts", "src\modules\Matoapp.Common\src\Matoapp.Common.Application.Contracts\Matoapp.Common.Application.Contracts.csproj", "{A3206C40-1D65-4FEE-9EB5-51C37012F10A}"
EndProject
Project("{9A19103F-16F7-4668-BE54-9A1E7A4F7556}") = "Matoapp.Common.Application", "src\modules\Matoapp.Common\src\Matoapp.Common.Application\Matoapp.Common.Application.csproj", "{5A933FEC-F0BB-4807-9E7C-1DACC34D0CFF}"
EndProject
Global
	GlobalSection(SolutionConfigurationPlatforms) = preSolution
		Debug|Any CPU = Debug|Any CPU
		Release|Any CPU = Release|Any CPU
	EndGlobalSection
	GlobalSection(ProjectConfigurationPlatforms) = postSolution
		{554AD327-6DBA-4F8F-96F8-81CE7A0C863F}.Debug|Any CPU.ActiveCfg = Debug|Any CPU
		{554AD327-6DBA-4F8F-96F8-81CE7A0C863F}.Debug|Any CPU.Build.0 = Debug|Any CPU
		{554AD327-6DBA-4F8F-96F8-81CE7A0C863F}.Release|Any CPU.ActiveCfg = Release|Any CPU
		{554AD327-6DBA-4F8F-96F8-81CE7A0C863F}.Release|Any CPU.Build.0 = Release|Any CPU
		{1A94A50E-06DC-43C1-80B5-B662820EC3EB}.Debug|Any CPU.ActiveCfg = Debug|Any CPU
		{1A94A50E-06DC-43C1-80B5-B662820EC3EB}.Debug|Any CPU.Build.0 = Debug|Any CPU
		{1A94A50E-06DC-43C1-80B5-B662820EC3EB}.Release|Any CPU.ActiveCfg = Release|Any CPU
		{1A94A50E-06DC-43C1-80B5-B662820EC3EB}.Release|Any CPU.Build.0 = Release|Any CPU
		{C956DD76-69C8-4A9C-83EA-D17DF83340FD}.Debug|Any CPU.ActiveCfg = Debug|Any CPU
		{C956DD76-69C8-4A9C-83EA-D17DF83340FD}.Debug|Any CPU.Build.0 = Debug|Any CPU
		{C956DD76-69C8-4A9C-83EA-D17DF83340FD}.Release|Any CPU.ActiveCfg = Release|Any CPU
		{C956DD76-69C8-4A9C-83EA-D17DF83340FD}.Release|Any CPU.Build.0 = Release|Any CPU
		{50B2631D-129C-47B3-A587-029CCD6099BC}.Debug|Any CPU.ActiveCfg = Debug|Any CPU
		{50B2631D-129C-47B3-A587-029CCD6099BC}.Debug|Any CPU.Build.0 = Debug|Any CPU
		{50B2631D-129C-47B3-A587-029CCD6099BC}.Release|Any CPU.ActiveCfg = Release|Any CPU
		{50B2631D-129C-47B3-A587-029CCD6099BC}.Release|Any CPU.Build.0 = Release|Any CPU
		{42F719ED-8413-4895-B5B4-5AB56079BC66}.Debug|Any CPU.ActiveCfg = Debug|Any CPU
		{42F719ED-8413-4895-B5B4-5AB56079BC66}.Debug|Any CPU.Build.0 = Debug|Any CPU
		{42F719ED-8413-4895-B5B4-5AB56079BC66}.Release|Any CPU.ActiveCfg = Release|Any CPU
		{42F719ED-8413-4895-B5B4-5AB56079BC66}.Release|Any CPU.Build.0 = Release|Any CPU
		{520659C8-C734-4298-A3DA-B539DB9DFC0B}.Debug|Any CPU.ActiveCfg = Debug|Any CPU
		{520659C8-C734-4298-A3DA-B539DB9DFC0B}.Debug|Any CPU.Build.0 = Debug|Any CPU
		{520659C8-C734-4298-A3DA-B539DB9DFC0B}.Release|Any CPU.ActiveCfg = Release|Any CPU
		{520659C8-C734-4298-A3DA-B539DB9DFC0B}.Release|Any CPU.Build.0 = Release|Any CPU
		{4164BDF7-F527-4E85-9CE6-E3C2D7426A27}.Debug|Any CPU.ActiveCfg = Debug|Any CPU
		{4164BDF7-F527-4E85-9CE6-E3C2D7426A27}.Debug|Any CPU.Build.0 = Debug|Any CPU
		{4164BDF7-F527-4E85-9CE6-E3C2D7426A27}.Release|Any CPU.ActiveCfg = Release|Any CPU
		{4164BDF7-F527-4E85-9CE6-E3C2D7426A27}.Release|Any CPU.Build.0 = Release|Any CPU
		{3B5A0094-670D-4BB1-BFDD-61B88A8773DC}.Debug|Any CPU.ActiveCfg = Debug|Any CPU
		{3B5A0094-670D-4BB1-BFDD-61B88A8773DC}.Debug|Any CPU.Build.0 = Debug|Any CPU
		{3B5A0094-670D-4BB1-BFDD-61B88A8773DC}.Release|Any CPU.ActiveCfg = Release|Any CPU
		{3B5A0094-670D-4BB1-BFDD-61B88A8773DC}.Release|Any CPU.Build.0 = Release|Any CPU
		{073C361E-B8F4-49F5-93CC-72A3FF49C026}.Debug|Any CPU.ActiveCfg = Debug|Any CPU
		{073C361E-B8F4-49F5-93CC-72A3FF49C026}.Debug|Any CPU.Build.0 = Debug|Any CPU
		{073C361E-B8F4-49F5-93CC-72A3FF49C026}.Release|Any CPU.ActiveCfg = Release|Any CPU
		{073C361E-B8F4-49F5-93CC-72A3FF49C026}.Release|Any CPU.Build.0 = Release|Any CPU
		{E6D5BF0E-DE92-4D82-A352-EF04B37CB11C}.Debug|Any CPU.ActiveCfg = Debug|Any CPU
		{E6D5BF0E-DE92-4D82-A352-EF04B37CB11C}.Debug|Any CPU.Build.0 = Debug|Any CPU
		{E6D5BF0E-DE92-4D82-A352-EF04B37CB11C}.Release|Any CPU.ActiveCfg = Release|Any CPU
		{E6D5BF0E-DE92-4D82-A352-EF04B37CB11C}.Release|Any CPU.Build.0 = Release|Any CPU
		{1FE30EB9-74A9-47F5-A9F6-7B1FAB672D81}.Debug|Any CPU.ActiveCfg = Debug|Any CPU
		{1FE30EB9-74A9-47F5-A9F6-7B1FAB672D81}.Debug|Any CPU.Build.0 = Debug|Any CPU
		{1FE30EB9-74A9-47F5-A9F6-7B1FAB672D81}.Release|Any CPU.ActiveCfg = Release|Any CPU
		{1FE30EB9-74A9-47F5-A9F6-7B1FAB672D81}.Release|Any CPU.Build.0 = Release|Any CPU
		{91853F21-9CD9-4132-BC29-A7D5D84FFFE7}.Debug|Any CPU.ActiveCfg = Debug|Any CPU
		{91853F21-9CD9-4132-BC29-A7D5D84FFFE7}.Debug|Any CPU.Build.0 = Debug|Any CPU
		{91853F21-9CD9-4132-BC29-A7D5D84FFFE7}.Release|Any CPU.ActiveCfg = Release|Any CPU
		{91853F21-9CD9-4132-BC29-A7D5D84FFFE7}.Release|Any CPU.Build.0 = Release|Any CPU
		{E512F4D9-9375-480F-A2F6-A46509F9D824}.Debug|Any CPU.ActiveCfg = Debug|Any CPU
		{E512F4D9-9375-480F-A2F6-A46509F9D824}.Debug|Any CPU.Build.0 = Debug|Any CPU
		{E512F4D9-9375-480F-A2F6-A46509F9D824}.Release|Any CPU.ActiveCfg = Release|Any CPU
		{E512F4D9-9375-480F-A2F6-A46509F9D824}.Release|Any CPU.Build.0 = Release|Any CPU
		{EF480016-9127-4916-8735-D2466BDBC582}.Debug|Any CPU.ActiveCfg = Debug|Any CPU
		{EF480016-9127-4916-8735-D2466BDBC582}.Debug|Any CPU.Build.0 = Debug|Any CPU
		{EF480016-9127-4916-8735-D2466BDBC582}.Release|Any CPU.ActiveCfg = Release|Any CPU
		{EF480016-9127-4916-8735-D2466BDBC582}.Release|Any CPU.Build.0 = Release|Any CPU
		{AA94D832-1CCC-4715-95A9-A483F23A1A5D}.Debug|Any CPU.ActiveCfg = Debug|Any CPU
		{AA94D832-1CCC-4715-95A9-A483F23A1A5D}.Debug|Any CPU.Build.0 = Debug|Any CPU
		{AA94D832-1CCC-4715-95A9-A483F23A1A5D}.Release|Any CPU.ActiveCfg = Release|Any CPU
		{AA94D832-1CCC-4715-95A9-A483F23A1A5D}.Release|Any CPU.Build.0 = Release|Any CPU
		{973DDB79-BF77-4795-9BBD-721E75C54B64}.Debug|Any CPU.ActiveCfg = Debug|Any CPU
		{973DDB79-BF77-4795-9BBD-721E75C54B64}.Debug|Any CPU.Build.0 = Debug|Any CPU
		{973DDB79-BF77-4795-9BBD-721E75C54B64}.Release|Any CPU.ActiveCfg = Release|Any CPU
		{973DDB79-BF77-4795-9BBD-721E75C54B64}.Release|Any CPU.Build.0 = Release|Any CPU
		{F23FDE1B-6C61-4427-9906-1484713801B5}.Debug|Any CPU.ActiveCfg = Debug|Any CPU
		{F23FDE1B-6C61-4427-9906-1484713801B5}.Debug|Any CPU.Build.0 = Debug|Any CPU
		{F23FDE1B-6C61-4427-9906-1484713801B5}.Release|Any CPU.ActiveCfg = Release|Any CPU
		{F23FDE1B-6C61-4427-9906-1484713801B5}.Release|Any CPU.Build.0 = Release|Any CPU
		{FF37628D-A594-4F98-91DE-24E7081BF700}.Debug|Any CPU.ActiveCfg = Debug|Any CPU
		{FF37628D-A594-4F98-91DE-24E7081BF700}.Debug|Any CPU.Build.0 = Debug|Any CPU
		{FF37628D-A594-4F98-91DE-24E7081BF700}.Release|Any CPU.ActiveCfg = Release|Any CPU
		{FF37628D-A594-4F98-91DE-24E7081BF700}.Release|Any CPU.Build.0 = Release|Any CPU
		{9912911A-F82F-407B-8B8A-1F6048100E91}.Debug|Any CPU.ActiveCfg = Debug|Any CPU
		{9912911A-F82F-407B-8B8A-1F6048100E91}.Debug|Any CPU.Build.0 = Debug|Any CPU
		{9912911A-F82F-407B-8B8A-1F6048100E91}.Release|Any CPU.ActiveCfg = Release|Any CPU
		{9912911A-F82F-407B-8B8A-1F6048100E91}.Release|Any CPU.Build.0 = Release|Any CPU
		{37683F51-6D98-4702-A8F1-AE1EB05F8D1D}.Debug|Any CPU.ActiveCfg = Debug|Any CPU
		{37683F51-6D98-4702-A8F1-AE1EB05F8D1D}.Debug|Any CPU.Build.0 = Debug|Any CPU
		{37683F51-6D98-4702-A8F1-AE1EB05F8D1D}.Release|Any CPU.ActiveCfg = Release|Any CPU
		{37683F51-6D98-4702-A8F1-AE1EB05F8D1D}.Release|Any CPU.Build.0 = Release|Any CPU
		{90B355AD-D057-4A62-9DF4-49C41D6E73A0}.Debug|Any CPU.ActiveCfg = Debug|Any CPU
		{90B355AD-D057-4A62-9DF4-49C41D6E73A0}.Debug|Any CPU.Build.0 = Debug|Any CPU
		{90B355AD-D057-4A62-9DF4-49C41D6E73A0}.Release|Any CPU.ActiveCfg = Release|Any CPU
		{90B355AD-D057-4A62-9DF4-49C41D6E73A0}.Release|Any CPU.Build.0 = Release|Any CPU
		{37B7AFA8-F13A-4252-8399-1F4A00919147}.Debug|Any CPU.ActiveCfg = Debug|Any CPU
		{37B7AFA8-F13A-4252-8399-1F4A00919147}.Debug|Any CPU.Build.0 = Debug|Any CPU
		{37B7AFA8-F13A-4252-8399-1F4A00919147}.Release|Any CPU.ActiveCfg = Release|Any CPU
		{37B7AFA8-F13A-4252-8399-1F4A00919147}.Release|Any CPU.Build.0 = Release|Any CPU
		{632BA41B-A44A-4F0C-B919-6BCF0CE6C5E9}.Debug|Any CPU.ActiveCfg = Debug|Any CPU
		{632BA41B-A44A-4F0C-B919-6BCF0CE6C5E9}.Debug|Any CPU.Build.0 = Debug|Any CPU
		{632BA41B-A44A-4F0C-B919-6BCF0CE6C5E9}.Release|Any CPU.ActiveCfg = Release|Any CPU
		{632BA41B-A44A-4F0C-B919-6BCF0CE6C5E9}.Release|Any CPU.Build.0 = Release|Any CPU
		{EEF0DE89-ABE1-443F-8705-3D30A94CB76A}.Debug|Any CPU.ActiveCfg = Debug|Any CPU
		{EEF0DE89-ABE1-443F-8705-3D30A94CB76A}.Debug|Any CPU.Build.0 = Debug|Any CPU
		{EEF0DE89-ABE1-443F-8705-3D30A94CB76A}.Release|Any CPU.ActiveCfg = Release|Any CPU
		{EEF0DE89-ABE1-443F-8705-3D30A94CB76A}.Release|Any CPU.Build.0 = Release|Any CPU
		{BE05C087-09CF-416B-9BA3-D522D514F59A}.Debug|Any CPU.ActiveCfg = Debug|Any CPU
		{BE05C087-09CF-416B-9BA3-D522D514F59A}.Debug|Any CPU.Build.0 = Debug|Any CPU
		{BE05C087-09CF-416B-9BA3-D522D514F59A}.Release|Any CPU.ActiveCfg = Release|Any CPU
		{BE05C087-09CF-416B-9BA3-D522D514F59A}.Release|Any CPU.Build.0 = Release|Any CPU
		{E4BB2F7B-FAC2-4F98-99A6-2D7457E02F41}.Debug|Any CPU.ActiveCfg = Debug|Any CPU
		{E4BB2F7B-FAC2-4F98-99A6-2D7457E02F41}.Debug|Any CPU.Build.0 = Debug|Any CPU
		{E4BB2F7B-FAC2-4F98-99A6-2D7457E02F41}.Release|Any CPU.ActiveCfg = Release|Any CPU
		{E4BB2F7B-FAC2-4F98-99A6-2D7457E02F41}.Release|Any CPU.Build.0 = Release|Any CPU
		{696BC26E-A783-4768-92C9-F5FD1F56A920}.Debug|Any CPU.ActiveCfg = Debug|Any CPU
		{696BC26E-A783-4768-92C9-F5FD1F56A920}.Debug|Any CPU.Build.0 = Debug|Any CPU
		{696BC26E-A783-4768-92C9-F5FD1F56A920}.Release|Any CPU.ActiveCfg = Release|Any CPU
		{696BC26E-A783-4768-92C9-F5FD1F56A920}.Release|Any CPU.Build.0 = Release|Any CPU
		{2035FD56-41E8-4D23-9166-957CD1A5FAAA}.Debug|Any CPU.ActiveCfg = Debug|Any CPU
		{2035FD56-41E8-4D23-9166-957CD1A5FAAA}.Debug|Any CPU.Build.0 = Debug|Any CPU
		{2035FD56-41E8-4D23-9166-957CD1A5FAAA}.Release|Any CPU.ActiveCfg = Release|Any CPU
		{2035FD56-41E8-4D23-9166-957CD1A5FAAA}.Release|Any CPU.Build.0 = Release|Any CPU
		{009D5588-FE39-47E3-9948-0EA055204081}.Debug|Any CPU.ActiveCfg = Debug|Any CPU
		{009D5588-FE39-47E3-9948-0EA055204081}.Debug|Any CPU.Build.0 = Debug|Any CPU
		{009D5588-FE39-47E3-9948-0EA055204081}.Release|Any CPU.ActiveCfg = Release|Any CPU
		{009D5588-FE39-47E3-9948-0EA055204081}.Release|Any CPU.Build.0 = Release|Any CPU
		{76D1EC3C-B71F-40C7-98AF-2664E6ED163C}.Debug|Any CPU.ActiveCfg = Debug|Any CPU
		{76D1EC3C-B71F-40C7-98AF-2664E6ED163C}.Debug|Any CPU.Build.0 = Debug|Any CPU
		{76D1EC3C-B71F-40C7-98AF-2664E6ED163C}.Release|Any CPU.ActiveCfg = Release|Any CPU
		{76D1EC3C-B71F-40C7-98AF-2664E6ED163C}.Release|Any CPU.Build.0 = Release|Any CPU
		{54F4434D-3A03-43E9-8406-A4E3D6A7E9EC}.Debug|Any CPU.ActiveCfg = Debug|Any CPU
		{54F4434D-3A03-43E9-8406-A4E3D6A7E9EC}.Debug|Any CPU.Build.0 = Debug|Any CPU
		{54F4434D-3A03-43E9-8406-A4E3D6A7E9EC}.Release|Any CPU.ActiveCfg = Release|Any CPU
		{54F4434D-3A03-43E9-8406-A4E3D6A7E9EC}.Release|Any CPU.Build.0 = Release|Any CPU
		{9A6A22DC-5DB9-47F2-A536-89D8FE9DB2FB}.Debug|Any CPU.ActiveCfg = Debug|Any CPU
		{9A6A22DC-5DB9-47F2-A536-89D8FE9DB2FB}.Debug|Any CPU.Build.0 = Debug|Any CPU
		{9A6A22DC-5DB9-47F2-A536-89D8FE9DB2FB}.Release|Any CPU.ActiveCfg = Release|Any CPU
		{9A6A22DC-5DB9-47F2-A536-89D8FE9DB2FB}.Release|Any CPU.Build.0 = Release|Any CPU
		{9C8F8E5F-E633-45F0-AA5C-F450F23B1606}.Debug|Any CPU.ActiveCfg = Debug|Any CPU
		{9C8F8E5F-E633-45F0-AA5C-F450F23B1606}.Debug|Any CPU.Build.0 = Debug|Any CPU
		{9C8F8E5F-E633-45F0-AA5C-F450F23B1606}.Release|Any CPU.ActiveCfg = Release|Any CPU
		{9C8F8E5F-E633-45F0-AA5C-F450F23B1606}.Release|Any CPU.Build.0 = Release|Any CPU
		{BE63BFBB-4486-4C22-8681-24D8461E4132}.Debug|Any CPU.ActiveCfg = Debug|Any CPU
		{BE63BFBB-4486-4C22-8681-24D8461E4132}.Debug|Any CPU.Build.0 = Debug|Any CPU
		{BE63BFBB-4486-4C22-8681-24D8461E4132}.Release|Any CPU.ActiveCfg = Release|Any CPU
		{BE63BFBB-4486-4C22-8681-24D8461E4132}.Release|Any CPU.Build.0 = Release|Any CPU
		{93387462-C8BB-45E2-ACC0-14B1582428EB}.Debug|Any CPU.ActiveCfg = Debug|Any CPU
		{93387462-C8BB-45E2-ACC0-14B1582428EB}.Debug|Any CPU.Build.0 = Debug|Any CPU
		{93387462-C8BB-45E2-ACC0-14B1582428EB}.Release|Any CPU.ActiveCfg = Release|Any CPU
		{93387462-C8BB-45E2-ACC0-14B1582428EB}.Release|Any CPU.Build.0 = Release|Any CPU
		{19AB44D0-BDF8-4BD4-B71F-9C0B72C11E3E}.Debug|Any CPU.ActiveCfg = Debug|Any CPU
		{19AB44D0-BDF8-4BD4-B71F-9C0B72C11E3E}.Debug|Any CPU.Build.0 = Debug|Any CPU
		{19AB44D0-BDF8-4BD4-B71F-9C0B72C11E3E}.Release|Any CPU.ActiveCfg = Release|Any CPU
		{19AB44D0-BDF8-4BD4-B71F-9C0B72C11E3E}.Release|Any CPU.Build.0 = Release|Any CPU
		{982E8E4F-F45C-431A-99B7-8B8A5B478F40}.Debug|Any CPU.ActiveCfg = Debug|Any CPU
		{982E8E4F-F45C-431A-99B7-8B8A5B478F40}.Debug|Any CPU.Build.0 = Debug|Any CPU
		{982E8E4F-F45C-431A-99B7-8B8A5B478F40}.Release|Any CPU.ActiveCfg = Release|Any CPU
		{982E8E4F-F45C-431A-99B7-8B8A5B478F40}.Release|Any CPU.Build.0 = Release|Any CPU
		{2D89E7F2-2E21-4053-94E3-1430FFBF9DC9}.Debug|Any CPU.ActiveCfg = Debug|Any CPU
		{2D89E7F2-2E21-4053-94E3-1430FFBF9DC9}.Debug|Any CPU.Build.0 = Debug|Any CPU
		{2D89E7F2-2E21-4053-94E3-1430FFBF9DC9}.Release|Any CPU.ActiveCfg = Release|Any CPU
		{2D89E7F2-2E21-4053-94E3-1430FFBF9DC9}.Release|Any CPU.Build.0 = Release|Any CPU
		{3C2CEB40-503B-408B-A4BD-FB7DA474EF50}.Debug|Any CPU.ActiveCfg = Debug|Any CPU
		{3C2CEB40-503B-408B-A4BD-FB7DA474EF50}.Debug|Any CPU.Build.0 = Debug|Any CPU
		{3C2CEB40-503B-408B-A4BD-FB7DA474EF50}.Release|Any CPU.ActiveCfg = Release|Any CPU
		{3C2CEB40-503B-408B-A4BD-FB7DA474EF50}.Release|Any CPU.Build.0 = Release|Any CPU
		{A3206C40-1D65-4FEE-9EB5-51C37012F10A}.Debug|Any CPU.ActiveCfg = Debug|Any CPU
		{A3206C40-1D65-4FEE-9EB5-51C37012F10A}.Debug|Any CPU.Build.0 = Debug|Any CPU
		{A3206C40-1D65-4FEE-9EB5-51C37012F10A}.Release|Any CPU.ActiveCfg = Release|Any CPU
		{A3206C40-1D65-4FEE-9EB5-51C37012F10A}.Release|Any CPU.Build.0 = Release|Any CPU
		{5A933FEC-F0BB-4807-9E7C-1DACC34D0CFF}.Debug|Any CPU.ActiveCfg = Debug|Any CPU
		{5A933FEC-F0BB-4807-9E7C-1DACC34D0CFF}.Debug|Any CPU.Build.0 = Debug|Any CPU
		{5A933FEC-F0BB-4807-9E7C-1DACC34D0CFF}.Release|Any CPU.ActiveCfg = Release|Any CPU
		{5A933FEC-F0BB-4807-9E7C-1DACC34D0CFF}.Release|Any CPU.Build.0 = Release|Any CPU
	EndGlobalSection
	GlobalSection(SolutionProperties) = preSolution
		HideSolutionNode = FALSE
	EndGlobalSection
	GlobalSection(NestedProjects) = preSolution
		{554AD327-6DBA-4F8F-96F8-81CE7A0C863F} = {CA9AC87F-097E-4F15-8393-4BC07735A5B0}
		{1A94A50E-06DC-43C1-80B5-B662820EC3EB} = {CA9AC87F-097E-4F15-8393-4BC07735A5B0}
		{C956DD76-69C8-4A9C-83EA-D17DF83340FD} = {CA9AC87F-097E-4F15-8393-4BC07735A5B0}
		{50B2631D-129C-47B3-A587-029CCD6099BC} = {04DBDB01-70F4-4E06-B468-8F87850B22BE}
		{42F719ED-8413-4895-B5B4-5AB56079BC66} = {CA9AC87F-097E-4F15-8393-4BC07735A5B0}
		{520659C8-C734-4298-A3DA-B539DB9DFC0B} = {CA9AC87F-097E-4F15-8393-4BC07735A5B0}
		{4164BDF7-F527-4E85-9CE6-E3C2D7426A27} = {CA9AC87F-097E-4F15-8393-4BC07735A5B0}
		{3B5A0094-670D-4BB1-BFDD-61B88A8773DC} = {CA9AC87F-097E-4F15-8393-4BC07735A5B0}
		{073C361E-B8F4-49F5-93CC-72A3FF49C026} = {CA9AC87F-097E-4F15-8393-4BC07735A5B0}
		{E6D5BF0E-DE92-4D82-A352-EF04B37CB11C} = {CA9AC87F-097E-4F15-8393-4BC07735A5B0}
		{1FE30EB9-74A9-47F5-A9F6-7B1FAB672D81} = {04DBDB01-70F4-4E06-B468-8F87850B22BE}
		{91853F21-9CD9-4132-BC29-A7D5D84FFFE7} = {04DBDB01-70F4-4E06-B468-8F87850B22BE}
		{E512F4D9-9375-480F-A2F6-A46509F9D824} = {04DBDB01-70F4-4E06-B468-8F87850B22BE}
		{EF480016-9127-4916-8735-D2466BDBC582} = {04DBDB01-70F4-4E06-B468-8F87850B22BE}
		{AA94D832-1CCC-4715-95A9-A483F23A1A5D} = {CA9AC87F-097E-4F15-8393-4BC07735A5B0}
		{522CD365-B5DB-4D47-A713-46ABD6E154D4} = {CA9AC87F-097E-4F15-8393-4BC07735A5B0}
		{1F30D404-D722-4929-89E4-733EE5360D2B} = {522CD365-B5DB-4D47-A713-46ABD6E154D4}
		{DB30AF11-3F9B-4F30-BD41-E6767F8E8794} = {1F30D404-D722-4929-89E4-733EE5360D2B}
		{973DDB79-BF77-4795-9BBD-721E75C54B64} = {DB30AF11-3F9B-4F30-BD41-E6767F8E8794}
		{F23FDE1B-6C61-4427-9906-1484713801B5} = {DB30AF11-3F9B-4F30-BD41-E6767F8E8794}
		{FF37628D-A594-4F98-91DE-24E7081BF700} = {DB30AF11-3F9B-4F30-BD41-E6767F8E8794}
		{9912911A-F82F-407B-8B8A-1F6048100E91} = {DB30AF11-3F9B-4F30-BD41-E6767F8E8794}
		{37683F51-6D98-4702-A8F1-AE1EB05F8D1D} = {DB30AF11-3F9B-4F30-BD41-E6767F8E8794}
		{90B355AD-D057-4A62-9DF4-49C41D6E73A0} = {DB30AF11-3F9B-4F30-BD41-E6767F8E8794}
		{37B7AFA8-F13A-4252-8399-1F4A00919147} = {DB30AF11-3F9B-4F30-BD41-E6767F8E8794}
		{BFE5F3CE-3444-4112-B2FF-32DFD4FA0958} = {CA9AC87F-097E-4F15-8393-4BC07735A5B0}
		{632BA41B-A44A-4F0C-B919-6BCF0CE6C5E9} = {BFE5F3CE-3444-4112-B2FF-32DFD4FA0958}
		{EEF0DE89-ABE1-443F-8705-3D30A94CB76A} = {BFE5F3CE-3444-4112-B2FF-32DFD4FA0958}
		{BE05C087-09CF-416B-9BA3-D522D514F59A} = {BFE5F3CE-3444-4112-B2FF-32DFD4FA0958}
		{E4BB2F7B-FAC2-4F98-99A6-2D7457E02F41} = {BFE5F3CE-3444-4112-B2FF-32DFD4FA0958}
		{696BC26E-A783-4768-92C9-F5FD1F56A920} = {BFE5F3CE-3444-4112-B2FF-32DFD4FA0958}
		{EAD58433-A02E-48E6-8BB7-010457BA4BA9} = {522CD365-B5DB-4D47-A713-46ABD6E154D4}
		{8708E5AC-C07C-431F-AB45-597443B086A7} = {EAD58433-A02E-48E6-8BB7-010457BA4BA9}
		{2035FD56-41E8-4D23-9166-957CD1A5FAAA} = {8708E5AC-C07C-431F-AB45-597443B086A7}
		{009D5588-FE39-47E3-9948-0EA055204081} = {8708E5AC-C07C-431F-AB45-597443B086A7}
		{76D1EC3C-B71F-40C7-98AF-2664E6ED163C} = {8708E5AC-C07C-431F-AB45-597443B086A7}
		{54F4434D-3A03-43E9-8406-A4E3D6A7E9EC} = {8708E5AC-C07C-431F-AB45-597443B086A7}
		{9A6A22DC-5DB9-47F2-A536-89D8FE9DB2FB} = {8708E5AC-C07C-431F-AB45-597443B086A7}
		{9C8F8E5F-E633-45F0-AA5C-F450F23B1606} = {8708E5AC-C07C-431F-AB45-597443B086A7}
		{BE63BFBB-4486-4C22-8681-24D8461E4132} = {8708E5AC-C07C-431F-AB45-597443B086A7}
		{2DE2E381-C0F7-4CE8-82EC-D06F9810ACA8} = {522CD365-B5DB-4D47-A713-46ABD6E154D4}
		{2583DF40-CEE2-43C4-B77B-DF7292085629} = {2DE2E381-C0F7-4CE8-82EC-D06F9810ACA8}
		{93387462-C8BB-45E2-ACC0-14B1582428EB} = {2583DF40-CEE2-43C4-B77B-DF7292085629}
		{19AB44D0-BDF8-4BD4-B71F-9C0B72C11E3E} = {2583DF40-CEE2-43C4-B77B-DF7292085629}
		{982E8E4F-F45C-431A-99B7-8B8A5B478F40} = {2583DF40-CEE2-43C4-B77B-DF7292085629}
		{2D89E7F2-2E21-4053-94E3-1430FFBF9DC9} = {2583DF40-CEE2-43C4-B77B-DF7292085629}
		{3C2CEB40-503B-408B-A4BD-FB7DA474EF50} = {2583DF40-CEE2-43C4-B77B-DF7292085629}
		{A3206C40-1D65-4FEE-9EB5-51C37012F10A} = {2583DF40-CEE2-43C4-B77B-DF7292085629}
		{5A933FEC-F0BB-4807-9E7C-1DACC34D0CFF} = {2583DF40-CEE2-43C4-B77B-DF7292085629}
	EndGlobalSection
	GlobalSection(ExtensibilityGlobals) = postSolution
		SolutionGuid = {28315BFD-90E7-4E14-A2EA-F3D23AF4126F}
	EndGlobalSection
EndGlobal
